
Microsoft Visual Studio Solution File, Format Version 12.00
# Visual Studio 2012
Project("{FAE04EC0-301F-11D3-BF4B-00C04F79EFBC}") = "ExportDisplay.Infrastructure", "ExportDisplay.Infrastructure\ExportDisplay.Infrastructure.csproj", "{DFD02958-90E4-466F-9146-EBC9AD98AE3E}"
EndProject
Project("{FAE04EC0-301F-11D3-BF4B-00C04F79EFBC}") = "ExportDisplay.Forms", "ExportDisplay.Forms\ExportDisplay.Forms.csproj", "{1A9210DE-D76A-4552-B869-EB93FD1648D2}"
EndProject
Project("{FAE04EC0-301F-11D3-BF4B-00C04F79EFBC}") = "ExportDisplay.Winsocket", "ExportDisplay.Winsocket\ExportDisplay.Winsocket.csproj", "{D315DFD4-9699-4E39-966C-E0DDAD5E9BC2}"
EndProject
Global
	GlobalSection(TeamFoundationVersionControl) = preSolution
		SccNumberOfProjects = 4
		SccEnterpriseProvider = {4CA58AB2-18FA-4F8D-95D4-32DDF27D184C}
		SccTeamFoundationServer = https://solidworks.visualstudio.com/defaultcollection
		SccLocalPath0 = .
		SccProjectUniqueName1 = ExportDisplay.Infrastructure\\ExportDisplay.Infrastructure.csproj
		SccProjectName1 = ExportDisplay.Infrastructure
		SccLocalPath1 = ExportDisplay.Infrastructure
		SccProjectUniqueName2 = ExportDisplay.Forms\\ExportDisplay.Forms.csproj
		SccProjectName2 = ExportDisplay.Forms
		SccLocalPath2 = ExportDisplay.Forms
		SccProjectUniqueName3 = ExportDisplay.Winsocket\\ExportDisplay.Winsocket.csproj
		SccProjectName3 = ExportDisplay.Winsocket
		SccLocalPath3 = ExportDisplay.Winsocket
	EndGlobalSection
	GlobalSection(SolutionConfigurationPlatforms) = preSolution
		Debug|Any CPU = Debug|Any CPU
		Release|Any CPU = Release|Any CPU
	EndGlobalSection
	GlobalSection(ProjectConfigurationPlatforms) = postSolution
		{DFD02958-90E4-466F-9146-EBC9AD98AE3E}.Debug|Any CPU.ActiveCfg = Debug|Any CPU
		{DFD02958-90E4-466F-9146-EBC9AD98AE3E}.Debug|Any CPU.Build.0 = Debug|Any CPU
		{DFD02958-90E4-466F-9146-EBC9AD98AE3E}.Release|Any CPU.ActiveCfg = Release|Any CPU
		{DFD02958-90E4-466F-9146-EBC9AD98AE3E}.Release|Any CPU.Build.0 = Release|Any CPU
		{1A9210DE-D76A-4552-B869-EB93FD1648D2}.Debug|Any CPU.ActiveCfg = Debug|Any CPU
		{1A9210DE-D76A-4552-B869-EB93FD1648D2}.Debug|Any CPU.Build.0 = Debug|Any CPU
		{1A9210DE-D76A-4552-B869-EB93FD1648D2}.Release|Any CPU.ActiveCfg = Release|Any CPU
		{1A9210DE-D76A-4552-B869-EB93FD1648D2}.Release|Any CPU.Build.0 = Release|Any CPU
		{D315DFD4-9699-4E39-966C-E0DDAD5E9BC2}.Debug|Any CPU.ActiveCfg = Debug|Any CPU
		{D315DFD4-9699-4E39-966C-E0DDAD5E9BC2}.Debug|Any CPU.Build.0 = Debug|Any CPU
		{D315DFD4-9699-4E39-966C-E0DDAD5E9BC2}.Release|Any CPU.ActiveCfg = Release|Any CPU
		{D315DFD4-9699-4E39-966C-E0DDAD5E9BC2}.Release|Any CPU.Build.0 = Release|Any CPU
	EndGlobalSection
	GlobalSection(SolutionProperties) = preSolution
		HideSolutionNode = FALSE
	EndGlobalSection
EndGlobal
